
Microsoft Visual Studio Solution File, Format Version 12.00
# Visual Studio Version 17
VisualStudioVersion = 17.0.31903.59
MinimumVisualStudioVersion = 10.0.40219.1
Project("{2150E333-8FDC-42A3-9474-1A3956D46DE8}") = "Cem.ConsoleClient", "Cem.ConsoleClient", "{AF7BD8A2-EC82-41B5-B822-BAA6C1815C00}"
EndProject
Project("{FAE04EC0-301F-11D3-BF4B-00C04F79EFBC}") = "Customized-Expense-Manager", "Cem.ConsoleClient\ConsoleClient\Customized-Expense-Manager.csproj", "{D2187970-F830-41D9-995C-6051BE7437D2}"
EndProject
Project("{FAE04EC0-301F-11D3-BF4B-00C04F79EFBC}") = "Tests", "Cem.ConsoleClient\ConsoleClientTests\Tests.csproj", "{AA12392A-7FAC-4F86-81FF-6A3CE8E23943}"
EndProject
Project("{2150E333-8FDC-42A3-9474-1A3956D46DE8}") = "Cem.Api", "Cem.Api", "{55CCB1C4-0C1B-4B79-A9DA-F1007979F3D8}"
EndProject
Project("{FAE04EC0-301F-11D3-BF4B-00C04F79EFBC}") = "CemApi", "Cem.Api\API\CemApi.csproj", "{7FCF5F7F-6BF2-4CD2-8F25-F0372C4EE8D2}"
EndProject
Project("{FAE04EC0-301F-11D3-BF4B-00C04F79EFBC}") = "ApiTests", "Cem.Api\Tests\ApiTests.csproj", "{EF16F31D-4D01-493B-B344-A27FB4AB1FAA}"
EndProject
Global
	GlobalSection(SolutionConfigurationPlatforms) = preSolution
		Debug|Any CPU = Debug|Any CPU
		Release|Any CPU = Release|Any CPU
	EndGlobalSection
	GlobalSection(SolutionProperties) = preSolution
		HideSolutionNode = FALSE
	EndGlobalSection
	GlobalSection(ProjectConfigurationPlatforms) = postSolution
		{C5B0316A-6582-4B54-BEDD-0004A7F71DB3}.Debug|Any CPU.ActiveCfg = Debug|Any CPU
		{C5B0316A-6582-4B54-BEDD-0004A7F71DB3}.Debug|Any CPU.Build.0 = Debug|Any CPU
		{C5B0316A-6582-4B54-BEDD-0004A7F71DB3}.Release|Any CPU.ActiveCfg = Release|Any CPU
		{C5B0316A-6582-4B54-BEDD-0004A7F71DB3}.Release|Any CPU.Build.0 = Release|Any CPU
		{DA3B4CD8-1D7E-4BE7-BC5D-143D25C48511}.Debug|Any CPU.ActiveCfg = Debug|Any CPU
		{DA3B4CD8-1D7E-4BE7-BC5D-143D25C48511}.Debug|Any CPU.Build.0 = Debug|Any CPU
		{DA3B4CD8-1D7E-4BE7-BC5D-143D25C48511}.Release|Any CPU.ActiveCfg = Release|Any CPU
		{DA3B4CD8-1D7E-4BE7-BC5D-143D25C48511}.Release|Any CPU.Build.0 = Release|Any CPU
		{D2187970-F830-41D9-995C-6051BE7437D2}.Debug|Any CPU.ActiveCfg = Debug|Any CPU
		{D2187970-F830-41D9-995C-6051BE7437D2}.Debug|Any CPU.Build.0 = Debug|Any CPU
		{D2187970-F830-41D9-995C-6051BE7437D2}.Release|Any CPU.ActiveCfg = Release|Any CPU
		{D2187970-F830-41D9-995C-6051BE7437D2}.Release|Any CPU.Build.0 = Release|Any CPU
		{AA12392A-7FAC-4F86-81FF-6A3CE8E23943}.Debug|Any CPU.ActiveCfg = Debug|Any CPU
		{AA12392A-7FAC-4F86-81FF-6A3CE8E23943}.Debug|Any CPU.Build.0 = Debug|Any CPU
		{AA12392A-7FAC-4F86-81FF-6A3CE8E23943}.Release|Any CPU.ActiveCfg = Release|Any CPU
		{AA12392A-7FAC-4F86-81FF-6A3CE8E23943}.Release|Any CPU.Build.0 = Release|Any CPU
		{7FCF5F7F-6BF2-4CD2-8F25-F0372C4EE8D2}.Debug|Any CPU.ActiveCfg = Debug|Any CPU
		{7FCF5F7F-6BF2-4CD2-8F25-F0372C4EE8D2}.Debug|Any CPU.Build.0 = Debug|Any CPU
		{7FCF5F7F-6BF2-4CD2-8F25-F0372C4EE8D2}.Release|Any CPU.ActiveCfg = Release|Any CPU
		{7FCF5F7F-6BF2-4CD2-8F25-F0372C4EE8D2}.Release|Any CPU.Build.0 = Release|Any CPU
		{EF16F31D-4D01-493B-B344-A27FB4AB1FAA}.Debug|Any CPU.ActiveCfg = Debug|Any CPU
		{EF16F31D-4D01-493B-B344-A27FB4AB1FAA}.Debug|Any CPU.Build.0 = Debug|Any CPU
		{EF16F31D-4D01-493B-B344-A27FB4AB1FAA}.Release|Any CPU.ActiveCfg = Release|Any CPU
		{EF16F31D-4D01-493B-B344-A27FB4AB1FAA}.Release|Any CPU.Build.0 = Release|Any CPU
	EndGlobalSection
	GlobalSection(NestedProjects) = preSolution
		{D2187970-F830-41D9-995C-6051BE7437D2} = {AF7BD8A2-EC82-41B5-B822-BAA6C1815C00}
		{AA12392A-7FAC-4F86-81FF-6A3CE8E23943} = {AF7BD8A2-EC82-41B5-B822-BAA6C1815C00}
		{7FCF5F7F-6BF2-4CD2-8F25-F0372C4EE8D2} = {55CCB1C4-0C1B-4B79-A9DA-F1007979F3D8}
		{EF16F31D-4D01-493B-B344-A27FB4AB1FAA} = {55CCB1C4-0C1B-4B79-A9DA-F1007979F3D8}
	EndGlobalSection
EndGlobal
