
Microsoft Visual Studio Solution File, Format Version 12.00
# Visual Studio Version 17
VisualStudioVersion = 17.0.31903.59
MinimumVisualStudioVersion = 10.0.40219.1
Project("{FAE04EC0-301F-11D3-BF4B-00C04F79EFBC}") = "ApiTests", "ApiTests\ApiTests.csproj", "{835A4198-0046-4399-BAB0-0ECD41049923}"
EndProject
Project("{FAE04EC0-301F-11D3-BF4B-00C04F79EFBC}") = "CemApi", "CemApi\CemApi.csproj", "{2D3E0D3D-63B3-46A3-BE0B-0500028C8477}"
EndProject
Project("{FAE04EC0-301F-11D3-BF4B-00C04F79EFBC}") = "Customized-Expense-Manager", "ConsoleClient\Customized-Expense-Manager.csproj", "{1630EBD7-B7FC-4A1A-890E-D2EF0F982855}"
EndProject
Project("{FAE04EC0-301F-11D3-BF4B-00C04F79EFBC}") = "Tests", "ConsoleClientTests\Tests.csproj", "{649DFD06-6222-47F3-AA0D-4766620C9066}"
EndProject
Global
	GlobalSection(SolutionConfigurationPlatforms) = preSolution
		Debug|Any CPU = Debug|Any CPU
		Release|Any CPU = Release|Any CPU
	EndGlobalSection
	GlobalSection(SolutionProperties) = preSolution
		HideSolutionNode = FALSE
	EndGlobalSection
	GlobalSection(ProjectConfigurationPlatforms) = postSolution
		{C5B0316A-6582-4B54-BEDD-0004A7F71DB3}.Debug|Any CPU.ActiveCfg = Debug|Any CPU
		{C5B0316A-6582-4B54-BEDD-0004A7F71DB3}.Debug|Any CPU.Build.0 = Debug|Any CPU
		{C5B0316A-6582-4B54-BEDD-0004A7F71DB3}.Release|Any CPU.ActiveCfg = Release|Any CPU
		{C5B0316A-6582-4B54-BEDD-0004A7F71DB3}.Release|Any CPU.Build.0 = Release|Any CPU
		{DA3B4CD8-1D7E-4BE7-BC5D-143D25C48511}.Debug|Any CPU.ActiveCfg = Debug|Any CPU
		{DA3B4CD8-1D7E-4BE7-BC5D-143D25C48511}.Debug|Any CPU.Build.0 = Debug|Any CPU
		{DA3B4CD8-1D7E-4BE7-BC5D-143D25C48511}.Release|Any CPU.ActiveCfg = Release|Any CPU
		{DA3B4CD8-1D7E-4BE7-BC5D-143D25C48511}.Release|Any CPU.Build.0 = Release|Any CPU
		{835A4198-0046-4399-BAB0-0ECD41049923}.Debug|Any CPU.ActiveCfg = Debug|Any CPU
		{835A4198-0046-4399-BAB0-0ECD41049923}.Debug|Any CPU.Build.0 = Debug|Any CPU
		{835A4198-0046-4399-BAB0-0ECD41049923}.Release|Any CPU.ActiveCfg = Release|Any CPU
		{835A4198-0046-4399-BAB0-0ECD41049923}.Release|Any CPU.Build.0 = Release|Any CPU
		{2D3E0D3D-63B3-46A3-BE0B-0500028C8477}.Debug|Any CPU.ActiveCfg = Debug|Any CPU
		{2D3E0D3D-63B3-46A3-BE0B-0500028C8477}.Debug|Any CPU.Build.0 = Debug|Any CPU
		{2D3E0D3D-63B3-46A3-BE0B-0500028C8477}.Release|Any CPU.ActiveCfg = Release|Any CPU
		{2D3E0D3D-63B3-46A3-BE0B-0500028C8477}.Release|Any CPU.Build.0 = Release|Any CPU
		{1630EBD7-B7FC-4A1A-890E-D2EF0F982855}.Debug|Any CPU.ActiveCfg = Debug|Any CPU
		{1630EBD7-B7FC-4A1A-890E-D2EF0F982855}.Debug|Any CPU.Build.0 = Debug|Any CPU
		{1630EBD7-B7FC-4A1A-890E-D2EF0F982855}.Release|Any CPU.ActiveCfg = Release|Any CPU
		{1630EBD7-B7FC-4A1A-890E-D2EF0F982855}.Release|Any CPU.Build.0 = Release|Any CPU
		{649DFD06-6222-47F3-AA0D-4766620C9066}.Debug|Any CPU.ActiveCfg = Debug|Any CPU
		{649DFD06-6222-47F3-AA0D-4766620C9066}.Debug|Any CPU.Build.0 = Debug|Any CPU
		{649DFD06-6222-47F3-AA0D-4766620C9066}.Release|Any CPU.ActiveCfg = Release|Any CPU
		{649DFD06-6222-47F3-AA0D-4766620C9066}.Release|Any CPU.Build.0 = Release|Any CPU
	EndGlobalSection
EndGlobal
